// !$*UTF8*$!
{
	archiveVersion = 1;
	classes = {
	};
	objectVersion = 48;
	objects = {

/* Begin PBXBuildFile section */
		CED80BF22051A47700AE4ACD /* AppDelegate.swift in Sources */ = {isa = PBXBuildFile; fileRef = CED80BF12051A47700AE4ACD /* AppDelegate.swift */; };
		CED80BF42051A47700AE4ACD /* ViewController.swift in Sources */ = {isa = PBXBuildFile; fileRef = CED80BF32051A47700AE4ACD /* ViewController.swift */; };
		CED80BF72051A47700AE4ACD /* Main.storyboard in Resources */ = {isa = PBXBuildFile; fileRef = CED80BF52051A47700AE4ACD /* Main.storyboard */; };
		CED80BF92051A47700AE4ACD /* Assets.xcassets in Resources */ = {isa = PBXBuildFile; fileRef = CED80BF82051A47700AE4ACD /* Assets.xcassets */; };
		CED80BFC2051A47700AE4ACD /* LaunchScreen.storyboard in Resources */ = {isa = PBXBuildFile; fileRef = CED80BFA2051A47700AE4ACD /* LaunchScreen.storyboard */; };
		CED80C072051A47700AE4ACD /* TestAppTests.swift in Sources */ = {isa = PBXBuildFile; fileRef = CED80C062051A47700AE4ACD /* TestAppTests.swift */; };
		CED80C122051A47700AE4ACD /* TestAppUITests.swift in Sources */ = {isa = PBXBuildFile; fileRef = CED80C112051A47700AE4ACD /* TestAppUITests.swift */; };
/* End PBXBuildFile section */

/* Begin PBXContainerItemProxy section */
		CED80C032051A47700AE4ACD /* PBXContainerItemProxy */ = {
			isa = PBXContainerItemProxy;
			containerPortal = CED80BE62051A47700AE4ACD /* Project object */;
			proxyType = 1;
			remoteGlobalIDString = CED80BED2051A47700AE4ACD;
			remoteInfo = TestApp;
		};
		CED80C0E2051A47700AE4ACD /* PBXContainerItemProxy */ = {
			isa = PBXContainerItemProxy;
			containerPortal = CED80BE62051A47700AE4ACD /* Project object */;
			proxyType = 1;
			remoteGlobalIDString = CED80BED2051A47700AE4ACD;
			remoteInfo = TestApp;
		};
/* End PBXContainerItemProxy section */

/* Begin PBXFileReference section */
		CED80BEE2051A47700AE4ACD /* TestApp.app */ = {isa = PBXFileReference; explicitFileType = wrapper.application; includeInIndex = 0; path = TestApp.app; sourceTree = BUILT_PRODUCTS_DIR; };
		CED80BF12051A47700AE4ACD /* AppDelegate.swift */ = {isa = PBXFileReference; lastKnownFileType = sourcecode.swift; path = AppDelegate.swift; sourceTree = "<group>"; };
		CED80BF32051A47700AE4ACD /* ViewController.swift */ = {isa = PBXFileReference; lastKnownFileType = sourcecode.swift; path = ViewController.swift; sourceTree = "<group>"; };
		CED80BF62051A47700AE4ACD /* Base */ = {isa = PBXFileReference; lastKnownFileType = file.storyboard; name = Base; path = Base.lproj/Main.storyboard; sourceTree = "<group>"; };
		CED80BF82051A47700AE4ACD /* Assets.xcassets */ = {isa = PBXFileReference; lastKnownFileType = folder.assetcatalog; path = Assets.xcassets; sourceTree = "<group>"; };
		CED80BFB2051A47700AE4ACD /* Base */ = {isa = PBXFileReference; lastKnownFileType = file.storyboard; name = Base; path = Base.lproj/LaunchScreen.storyboard; sourceTree = "<group>"; };
		CED80BFD2051A47700AE4ACD /* Info.plist */ = {isa = PBXFileReference; lastKnownFileType = text.plist.xml; path = Info.plist; sourceTree = "<group>"; };
		CED80C022051A47700AE4ACD /* TestAppTests.xctest */ = {isa = PBXFileReference; explicitFileType = wrapper.cfbundle; includeInIndex = 0; path = TestAppTests.xctest; sourceTree = BUILT_PRODUCTS_DIR; };
		CED80C062051A47700AE4ACD /* TestAppTests.swift */ = {isa = PBXFileReference; lastKnownFileType = sourcecode.swift; path = TestAppTests.swift; sourceTree = "<group>"; };
		CED80C082051A47700AE4ACD /* Info.plist */ = {isa = PBXFileReference; lastKnownFileType = text.plist.xml; path = Info.plist; sourceTree = "<group>"; };
		CED80C0D2051A47700AE4ACD /* TestAppUITests.xctest */ = {isa = PBXFileReference; explicitFileType = wrapper.cfbundle; includeInIndex = 0; path = TestAppUITests.xctest; sourceTree = BUILT_PRODUCTS_DIR; };
		CED80C112051A47700AE4ACD /* TestAppUITests.swift */ = {isa = PBXFileReference; lastKnownFileType = sourcecode.swift; path = TestAppUITests.swift; sourceTree = "<group>"; };
		CED80C132051A47700AE4ACD /* Info.plist */ = {isa = PBXFileReference; lastKnownFileType = text.plist.xml; path = Info.plist; sourceTree = "<group>"; };
/* End PBXFileReference section */

/* Begin PBXFrameworksBuildPhase section */
		CED80BEB2051A47700AE4ACD /* Frameworks */ = {
			isa = PBXFrameworksBuildPhase;
			buildActionMask = 2147483647;
			files = (
			);
			runOnlyForDeploymentPostprocessing = 0;
		};
		CED80BFF2051A47700AE4ACD /* Frameworks */ = {
			isa = PBXFrameworksBuildPhase;
			buildActionMask = 2147483647;
			files = (
			);
			runOnlyForDeploymentPostprocessing = 0;
		};
		CED80C0A2051A47700AE4ACD /* Frameworks */ = {
			isa = PBXFrameworksBuildPhase;
			buildActionMask = 2147483647;
			files = (
			);
			runOnlyForDeploymentPostprocessing = 0;
		};
/* End PBXFrameworksBuildPhase section */

/* Begin PBXGroup section */
		CED80BE52051A47700AE4ACD = {
			isa = PBXGroup;
			children = (
				CED80BF02051A47700AE4ACD /* TestApp */,
				CED80C052051A47700AE4ACD /* TestAppTests */,
				CED80C102051A47700AE4ACD /* TestAppUITests */,
				CED80BEF2051A47700AE4ACD /* Products */,
			);
			sourceTree = "<group>";
		};
		CED80BEF2051A47700AE4ACD /* Products */ = {
			isa = PBXGroup;
			children = (
				CED80BEE2051A47700AE4ACD /* TestApp.app */,
				CED80C022051A47700AE4ACD /* TestAppTests.xctest */,
				CED80C0D2051A47700AE4ACD /* TestAppUITests.xctest */,
			);
			name = Products;
			sourceTree = "<group>";
		};
		CED80BF02051A47700AE4ACD /* TestApp */ = {
			isa = PBXGroup;
			children = (
				CED80BF12051A47700AE4ACD /* AppDelegate.swift */,
				CED80BF32051A47700AE4ACD /* ViewController.swift */,
				CED80BF52051A47700AE4ACD /* Main.storyboard */,
				CED80BF82051A47700AE4ACD /* Assets.xcassets */,
				CED80BFA2051A47700AE4ACD /* LaunchScreen.storyboard */,
				CED80BFD2051A47700AE4ACD /* Info.plist */,
			);
			path = TestApp;
			sourceTree = "<group>";
		};
		CED80C052051A47700AE4ACD /* TestAppTests */ = {
			isa = PBXGroup;
			children = (
				CED80C062051A47700AE4ACD /* TestAppTests.swift */,
				CED80C082051A47700AE4ACD /* Info.plist */,
			);
			path = TestAppTests;
			sourceTree = "<group>";
		};
		CED80C102051A47700AE4ACD /* TestAppUITests */ = {
			isa = PBXGroup;
			children = (
				CED80C112051A47700AE4ACD /* TestAppUITests.swift */,
				CED80C132051A47700AE4ACD /* Info.plist */,
			);
			path = TestAppUITests;
			sourceTree = "<group>";
		};
/* End PBXGroup section */

/* Begin PBXNativeTarget section */
		CED80BED2051A47700AE4ACD /* TestApp */ = {
			isa = PBXNativeTarget;
			buildConfigurationList = CED80C162051A47700AE4ACD /* Build configuration list for PBXNativeTarget "TestApp" */;
			buildPhases = (
				CED80BEA2051A47700AE4ACD /* Sources */,
				CED80BEB2051A47700AE4ACD /* Frameworks */,
				CED80BEC2051A47700AE4ACD /* Resources */,
			);
			buildRules = (
			);
			dependencies = (
			);
			name = TestApp;
			productName = TestApp;
			productReference = CED80BEE2051A47700AE4ACD /* TestApp.app */;
			productType = "com.apple.product-type.application";
		};
		CED80C012051A47700AE4ACD /* TestAppTests */ = {
			isa = PBXNativeTarget;
			buildConfigurationList = CED80C192051A47700AE4ACD /* Build configuration list for PBXNativeTarget "TestAppTests" */;
			buildPhases = (
				CED80BFE2051A47700AE4ACD /* Sources */,
				CED80BFF2051A47700AE4ACD /* Frameworks */,
				CED80C002051A47700AE4ACD /* Resources */,
			);
			buildRules = (
			);
			dependencies = (
				CED80C042051A47700AE4ACD /* PBXTargetDependency */,
			);
			name = TestAppTests;
			productName = TestAppTests;
			productReference = CED80C022051A47700AE4ACD /* TestAppTests.xctest */;
			productType = "com.apple.product-type.bundle.unit-test";
		};
		CED80C0C2051A47700AE4ACD /* TestAppUITests */ = {
			isa = PBXNativeTarget;
			buildConfigurationList = CED80C1C2051A47700AE4ACD /* Build configuration list for PBXNativeTarget "TestAppUITests" */;
			buildPhases = (
				CED80C092051A47700AE4ACD /* Sources */,
				CED80C0A2051A47700AE4ACD /* Frameworks */,
				CED80C0B2051A47700AE4ACD /* Resources */,
			);
			buildRules = (
			);
			dependencies = (
				CED80C0F2051A47700AE4ACD /* PBXTargetDependency */,
			);
			name = TestAppUITests;
			productName = TestAppUITests;
			productReference = CED80C0D2051A47700AE4ACD /* TestAppUITests.xctest */;
			productType = "com.apple.product-type.bundle.ui-testing";
		};
/* End PBXNativeTarget section */

/* Begin PBXProject section */
		CED80BE62051A47700AE4ACD /* Project object */ = {
			isa = PBXProject;
			attributes = {
				LastSwiftUpdateCheck = 0920;
				LastUpgradeCheck = 0920;
				ORGANIZATIONNAME = "Pushpinder Kaur";
				TargetAttributes = {
					CED80BED2051A47700AE4ACD = {
						CreatedOnToolsVersion = 9.2;
						ProvisioningStyle = Automatic;
					};
					CED80C012051A47700AE4ACD = {
						CreatedOnToolsVersion = 9.2;
						ProvisioningStyle = Automatic;
						TestTargetID = CED80BED2051A47700AE4ACD;
					};
					CED80C0C2051A47700AE4ACD = {
						CreatedOnToolsVersion = 9.2;
						ProvisioningStyle = Automatic;
						TestTargetID = CED80BED2051A47700AE4ACD;
					};
				};
			};
			buildConfigurationList = CED80BE92051A47700AE4ACD /* Build configuration list for PBXProject "TestApp" */;
			compatibilityVersion = "Xcode 8.0";
			developmentRegion = en;
			hasScannedForEncodings = 0;
			knownRegions = (
				en,
				Base,
			);
			mainGroup = CED80BE52051A47700AE4ACD;
			productRefGroup = CED80BEF2051A47700AE4ACD /* Products */;
			projectDirPath = "";
			projectRoot = "";
			targets = (
				CED80BED2051A47700AE4ACD /* TestApp */,
				CED80C012051A47700AE4ACD /* TestAppTests */,
				CED80C0C2051A47700AE4ACD /* TestAppUITests */,
			);
		};
/* End PBXProject section */

/* Begin PBXResourcesBuildPhase section */
		CED80BEC2051A47700AE4ACD /* Resources */ = {
			isa = PBXResourcesBuildPhase;
			buildActionMask = 2147483647;
			files = (
				CED80BFC2051A47700AE4ACD /* LaunchScreen.storyboard in Resources */,
				CED80BF92051A47700AE4ACD /* Assets.xcassets in Resources */,
				CED80BF72051A47700AE4ACD /* Main.storyboard in Resources */,
			);
			runOnlyForDeploymentPostprocessing = 0;
		};
		CED80C002051A47700AE4ACD /* Resources */ = {
			isa = PBXResourcesBuildPhase;
			buildActionMask = 2147483647;
			files = (
			);
			runOnlyForDeploymentPostprocessing = 0;
		};
		CED80C0B2051A47700AE4ACD /* Resources */ = {
			isa = PBXResourcesBuildPhase;
			buildActionMask = 2147483647;
			files = (
			);
			runOnlyForDeploymentPostprocessing = 0;
		};
/* End PBXResourcesBuildPhase section */

/* Begin PBXSourcesBuildPhase section */
		CED80BEA2051A47700AE4ACD /* Sources */ = {
			isa = PBXSourcesBuildPhase;
			buildActionMask = 2147483647;
			files = (
				CED80BF42051A47700AE4ACD /* ViewController.swift in Sources */,
				CED80BF22051A47700AE4ACD /* AppDelegate.swift in Sources */,
			);
			runOnlyForDeploymentPostprocessing = 0;
		};
		CED80BFE2051A47700AE4ACD /* Sources */ = {
			isa = PBXSourcesBuildPhase;
			buildActionMask = 2147483647;
			files = (
				CED80C072051A47700AE4ACD /* TestAppTests.swift in Sources */,
			);
			runOnlyForDeploymentPostprocessing = 0;
		};
		CED80C092051A47700AE4ACD /* Sources */ = {
			isa = PBXSourcesBuildPhase;
			buildActionMask = 2147483647;
			files = (
				CED80C122051A47700AE4ACD /* TestAppUITests.swift in Sources */,
			);
			runOnlyForDeploymentPostprocessing = 0;
		};
/* End PBXSourcesBuildPhase section */

/* Begin PBXTargetDependency section */
		CED80C042051A47700AE4ACD /* PBXTargetDependency */ = {
			isa = PBXTargetDependency;
			target = CED80BED2051A47700AE4ACD /* TestApp */;
			targetProxy = CED80C032051A47700AE4ACD /* PBXContainerItemProxy */;
		};
		CED80C0F2051A47700AE4ACD /* PBXTargetDependency */ = {
			isa = PBXTargetDependency;
			target = CED80BED2051A47700AE4ACD /* TestApp */;
			targetProxy = CED80C0E2051A47700AE4ACD /* PBXContainerItemProxy */;
		};
/* End PBXTargetDependency section */

/* Begin PBXVariantGroup section */
		CED80BF52051A47700AE4ACD /* Main.storyboard */ = {
			isa = PBXVariantGroup;
			children = (
				CED80BF62051A47700AE4ACD /* Base */,
			);
			name = Main.storyboard;
			sourceTree = "<group>";
		};
		CED80BFA2051A47700AE4ACD /* LaunchScreen.storyboard */ = {
			isa = PBXVariantGroup;
			children = (
				CED80BFB2051A47700AE4ACD /* Base */,
			);
			name = LaunchScreen.storyboard;
			sourceTree = "<group>";
		};
/* End PBXVariantGroup section */

/* Begin XCBuildConfiguration section */
		CED80C142051A47700AE4ACD /* Debug */ = {
			isa = XCBuildConfiguration;
			buildSettings = {
				ALWAYS_SEARCH_USER_PATHS = NO;
				CLANG_ANALYZER_NONNULL = YES;
				CLANG_ANALYZER_NUMBER_OBJECT_CONVERSION = YES_AGGRESSIVE;
				CLANG_CXX_LANGUAGE_STANDARD = "gnu++14";
				CLANG_CXX_LIBRARY = "libc++";
				CLANG_ENABLE_MODULES = YES;
				CLANG_ENABLE_OBJC_ARC = YES;
				CLANG_WARN_BLOCK_CAPTURE_AUTORELEASING = YES;
				CLANG_WARN_BOOL_CONVERSION = YES;
				CLANG_WARN_COMMA = YES;
				CLANG_WARN_CONSTANT_CONVERSION = YES;
				CLANG_WARN_DIRECT_OBJC_ISA_USAGE = YES_ERROR;
				CLANG_WARN_DOCUMENTATION_COMMENTS = YES;
				CLANG_WARN_EMPTY_BODY = YES;
				CLANG_WARN_ENUM_CONVERSION = YES;
				CLANG_WARN_INFINITE_RECURSION = YES;
				CLANG_WARN_INT_CONVERSION = YES;
				CLANG_WARN_NON_LITERAL_NULL_CONVERSION = YES;
				CLANG_WARN_OBJC_LITERAL_CONVERSION = YES;
				CLANG_WARN_OBJC_ROOT_CLASS = YES_ERROR;
				CLANG_WARN_RANGE_LOOP_ANALYSIS = YES;
				CLANG_WARN_STRICT_PROTOTYPES = YES;
				CLANG_WARN_SUSPICIOUS_MOVE = YES;
				CLANG_WARN_UNGUARDED_AVAILABILITY = YES_AGGRESSIVE;
				CLANG_WARN_UNREACHABLE_CODE = YES;
				CLANG_WARN__DUPLICATE_METHOD_MATCH = YES;
				CODE_SIGN_IDENTITY = "iPhone Developer";
				COPY_PHASE_STRIP = NO;
				DEBUG_INFORMATION_FORMAT = dwarf;
				ENABLE_STRICT_OBJC_MSGSEND = YES;
				ENABLE_TESTABILITY = YES;
				GCC_C_LANGUAGE_STANDARD = gnu11;
				GCC_DYNAMIC_NO_PIC = NO;
				GCC_NO_COMMON_BLOCKS = YES;
				GCC_OPTIMIZATION_LEVEL = 0;
				GCC_PREPROCESSOR_DEFINITIONS = (
					"DEBUG=1",
					"$(inherited)",
				);
				GCC_WARN_64_TO_32_BIT_CONVERSION = YES;
				GCC_WARN_ABOUT_RETURN_TYPE = YES_ERROR;
				GCC_WARN_UNDECLARED_SELECTOR = YES;
				GCC_WARN_UNINITIALIZED_AUTOS = YES_AGGRESSIVE;
				GCC_WARN_UNUSED_FUNCTION = YES;
				GCC_WARN_UNUSED_VARIABLE = YES;
				IPHONEOS_DEPLOYMENT_TARGET = 11.2;
				MTL_ENABLE_DEBUG_INFO = YES;
				ONLY_ACTIVE_ARCH = YES;
				SDKROOT = iphoneos;
				SWIFT_ACTIVE_COMPILATION_CONDITIONS = DEBUG;
				SWIFT_OPTIMIZATION_LEVEL = "-Onone";
			};
			name = Debug;
		};
		CED80C152051A47700AE4ACD /* Release */ = {
			isa = XCBuildConfiguration;
			buildSettings = {
				ALWAYS_SEARCH_USER_PATHS = NO;
				CLANG_ANALYZER_NONNULL = YES;
				CLANG_ANALYZER_NUMBER_OBJECT_CONVERSION = YES_AGGRESSIVE;
				CLANG_CXX_LANGUAGE_STANDARD = "gnu++14";
				CLANG_CXX_LIBRARY = "libc++";
				CLANG_ENABLE_MODULES = YES;
				CLANG_ENABLE_OBJC_ARC = YES;
				CLANG_WARN_BLOCK_CAPTURE_AUTORELEASING = YES;
				CLANG_WARN_BOOL_CONVERSION = YES;
				CLANG_WARN_COMMA = YES;
				CLANG_WARN_CONSTANT_CONVERSION = YES;
				CLANG_WARN_DIRECT_OBJC_ISA_USAGE = YES_ERROR;
				CLANG_WARN_DOCUMENTATION_COMMENTS = YES;
				CLANG_WARN_EMPTY_BODY = YES;
				CLANG_WARN_ENUM_CONVERSION = YES;
				CLANG_WARN_INFINITE_RECURSION = YES;
				CLANG_WARN_INT_CONVERSION = YES;
				CLANG_WARN_NON_LITERAL_NULL_CONVERSION = YES;
				CLANG_WARN_OBJC_LITERAL_CONVERSION = YES;
				CLANG_WARN_OBJC_ROOT_CLASS = YES_ERROR;
				CLANG_WARN_RANGE_LOOP_ANALYSIS = YES;
				CLANG_WARN_STRICT_PROTOTYPES = YES;
				CLANG_WARN_SUSPICIOUS_MOVE = YES;
				CLANG_WARN_UNGUARDED_AVAILABILITY = YES_AGGRESSIVE;
				CLANG_WARN_UNREACHABLE_CODE = YES;
				CLANG_WARN__DUPLICATE_METHOD_MATCH = YES;
				CODE_SIGN_IDENTITY = "iPhone Developer";
				COPY_PHASE_STRIP = NO;
				DEBUG_INFORMATION_FORMAT = "dwarf-with-dsym";
				ENABLE_NS_ASSERTIONS = NO;
				ENABLE_STRICT_OBJC_MSGSEND = YES;
				GCC_C_LANGUAGE_STANDARD = gnu11;
				GCC_NO_COMMON_BLOCKS = YES;
				GCC_WARN_64_TO_32_BIT_CONVERSION = YES;
				GCC_WARN_ABOUT_RETURN_TYPE = YES_ERROR;
				GCC_WARN_UNDECLARED_SELECTOR = YES;
				GCC_WARN_UNINITIALIZED_AUTOS = YES_AGGRESSIVE;
				GCC_WARN_UNUSED_FUNCTION = YES;
				GCC_WARN_UNUSED_VARIABLE = YES;
				IPHONEOS_DEPLOYMENT_TARGET = 11.2;
				MTL_ENABLE_DEBUG_INFO = NO;
				SDKROOT = iphoneos;
				SWIFT_OPTIMIZATION_LEVEL = "-Owholemodule";
				VALIDATE_PRODUCT = YES;
			};
			name = Release;
		};
		CED80C172051A47700AE4ACD /* Debug */ = {
			isa = XCBuildConfiguration;
			buildSettings = {
				ASSETCATALOG_COMPILER_APPICON_NAME = AppIcon;
				"CODE_SIGN_IDENTITY[sdk=iphoneos*]" = "iPhone Developer";
				CODE_SIGN_STYLE = Automatic;
				DEVELOPMENT_TEAM = 383QL3B484;
				INFOPLIST_FILE = TestApp/Info.plist;
				LD_RUNPATH_SEARCH_PATHS = "$(inherited) @executable_path/Frameworks";
				PRODUCT_BUNDLE_IDENTIFIER = com.fido.myaccount.enterprise;
				PRODUCT_NAME = "$(TARGET_NAME)";
				PROVISIONING_PROFILE = "";
				PROVISIONING_PROFILE_SPECIFIER = "";
				SWIFT_VERSION = 4.0;
				TARGETED_DEVICE_FAMILY = "1,2";
			};
			name = Debug;
		};
		CED80C182051A47700AE4ACD /* Release */ = {
			isa = XCBuildConfiguration;
			buildSettings = {
				ASSETCATALOG_COMPILER_APPICON_NAME = AppIcon;
				"CODE_SIGN_IDENTITY[sdk=iphoneos*]" = "iPhone Developer";
				CODE_SIGN_STYLE = Automatic;
				DEVELOPMENT_TEAM = 383QL3B484;
				INFOPLIST_FILE = TestApp/Info.plist;
				LD_RUNPATH_SEARCH_PATHS = "$(inherited) @executable_path/Frameworks";
				PRODUCT_BUNDLE_IDENTIFIER = com.fido.myaccount.enterprise;
				PRODUCT_NAME = "$(TARGET_NAME)";
				PROVISIONING_PROFILE = "";
				PROVISIONING_PROFILE_SPECIFIER = "";
				SWIFT_VERSION = 4.0;
				TARGETED_DEVICE_FAMILY = "1,2";
			};
			name = Release;
		};
		CED80C1A2051A47700AE4ACD /* Debug */ = {
			isa = XCBuildConfiguration;
			buildSettings = {
				ALWAYS_EMBED_SWIFT_STANDARD_LIBRARIES = YES;
				BUNDLE_LOADER = "$(TEST_HOST)";
				CODE_SIGN_STYLE = Automatic;
				INFOPLIST_FILE = TestAppTests/Info.plist;
				LD_RUNPATH_SEARCH_PATHS = "$(inherited) @executable_path/Frameworks @loader_path/Frameworks";
				PRODUCT_BUNDLE_IDENTIFIER = com.test.TestAppTests;
				PRODUCT_NAME = "$(TARGET_NAME)";
				SWIFT_VERSION = 4.0;
				TARGETED_DEVICE_FAMILY = "1,2";
				TEST_HOST = "$(BUILT_PRODUCTS_DIR)/TestApp.app/TestApp";
			};
			name = Debug;
		};
		CED80C1B2051A47700AE4ACD /* Release */ = {
			isa = XCBuildConfiguration;
			buildSettings = {
				ALWAYS_EMBED_SWIFT_STANDARD_LIBRARIES = YES;
				BUNDLE_LOADER = "$(TEST_HOST)";
				CODE_SIGN_STYLE = Automatic;
				INFOPLIST_FILE = TestAppTests/Info.plist;
				LD_RUNPATH_SEARCH_PATHS = "$(inherited) @executable_path/Frameworks @loader_path/Frameworks";
				PRODUCT_BUNDLE_IDENTIFIER = com.test.TestAppTests;
				PRODUCT_NAME = "$(TARGET_NAME)";
				SWIFT_VERSION = 4.0;
				TARGETED_DEVICE_FAMILY = "1,2";
				TEST_HOST = "$(BUILT_PRODUCTS_DIR)/TestApp.app/TestApp";
			};
			name = Release;
		};
		CED80C1D2051A47700AE4ACD /* Debug */ = {
			isa = XCBuildConfiguration;
			buildSettings = {
				ALWAYS_EMBED_SWIFT_STANDARD_LIBRARIES = YES;
				CODE_SIGN_STYLE = Automatic;
				INFOPLIST_FILE = TestAppUITests/Info.plist;
				LD_RUNPATH_SEARCH_PATHS = "$(inherited) @executable_path/Frameworks @loader_path/Frameworks";
				PRODUCT_BUNDLE_IDENTIFIER = com.test.TestAppUITests;
				PRODUCT_NAME = "$(TARGET_NAME)";
				SWIFT_VERSION = 4.0;
				TARGETED_DEVICE_FAMILY = "1,2";
				TEST_TARGET_NAME = TestApp;
			};
			name = Debug;
		};
		CED80C1E2051A47700AE4ACD /* Release */ = {
			isa = XCBuildConfiguration;
			buildSettings = {
				ALWAYS_EMBED_SWIFT_STANDARD_LIBRARIES = YES;
				CODE_SIGN_STYLE = Automatic;
				INFOPLIST_FILE = TestAppUITests/Info.plist;
				LD_RUNPATH_SEARCH_PATHS = "$(inherited) @executable_path/Frameworks @loader_path/Frameworks";
				PRODUCT_BUNDLE_IDENTIFIER = com.test.TestAppUITests;
				PRODUCT_NAME = "$(TARGET_NAME)";
				SWIFT_VERSION = 4.0;
				TARGETED_DEVICE_FAMILY = "1,2";
				TEST_TARGET_NAME = TestApp;
			};
			name = Release;
		};
/* End XCBuildConfiguration section */

/* Begin XCConfigurationList section */
		CED80BE92051A47700AE4ACD /* Build configuration list for PBXProject "TestApp" */ = {
			isa = XCConfigurationList;
			buildConfigurations = (
				CED80C142051A47700AE4ACD /* Debug */,
				CED80C152051A47700AE4ACD /* Release */,
			);
			defaultConfigurationIsVisible = 0;
			defaultConfigurationName = Release;
		};
		CED80C162051A47700AE4ACD /* Build configuration list for PBXNativeTarget "TestApp" */ = {
			isa = XCConfigurationList;
			buildConfigurations = (
				CED80C172051A47700AE4ACD /* Debug */,
				CED80C182051A47700AE4ACD /* Release */,
			);
			defaultConfigurationIsVisible = 0;
			defaultConfigurationName = Release;
		};
		CED80C192051A47700AE4ACD /* Build configuration list for PBXNativeTarget "TestAppTests" */ = {
			isa = XCConfigurationList;
			buildConfigurations = (
				CED80C1A2051A47700AE4ACD /* Debug */,
				CED80C1B2051A47700AE4ACD /* Release */,
			);
			defaultConfigurationIsVisible = 0;
			defaultConfigurationName = Release;
		};
		CED80C1C2051A47700AE4ACD /* Build configuration list for PBXNativeTarget "TestAppUITests" */ = {
			isa = XCConfigurationList;
			buildConfigurations = (
				CED80C1D2051A47700AE4ACD /* Debug */,
				CED80C1E2051A47700AE4ACD /* Release */,
			);
			defaultConfigurationIsVisible = 0;
			defaultConfigurationName = Release;
		};
/* End XCConfigurationList section */
	};
	rootObject = CED80BE62051A47700AE4ACD /* Project object */;
}
